// !$*UTF8*$!
{
	archiveVersion = 1;
	classes = {
	};
	objectVersion = 46;
	objects = {

/* Begin PBXBuildFile section */
		4DAB462E180CAA7000BFB250 /* Foundation.framework in Frameworks */ = {isa = PBXBuildFile; fileRef = 4DAB462D180CAA7000BFB250 /* Foundation.framework */; };
		4DAB4630180CAA7000BFB250 /* CoreGraphics.framework in Frameworks */ = {isa = PBXBuildFile; fileRef = 4DAB462F180CAA7000BFB250 /* CoreGraphics.framework */; };
		4DAB4632180CAA7000BFB250 /* UIKit.framework in Frameworks */ = {isa = PBXBuildFile; fileRef = 4DAB4631180CAA7000BFB250 /* UIKit.framework */; };
		4DAB4638180CAA7000BFB250 /* InfoPlist.strings in Resources */ = {isa = PBXBuildFile; fileRef = 4DAB4636180CAA7000BFB250 /* InfoPlist.strings */; };
		4DAB463A180CAA7000BFB250 /* main.m in Sources */ = {isa = PBXBuildFile; fileRef = 4DAB4639180CAA7000BFB250 /* main.m */; };
		4DAB463E180CAA7000BFB250 /* EAMAppDelegate.m in Sources */ = {isa = PBXBuildFile; fileRef = 4DAB463D180CAA7000BFB250 /* EAMAppDelegate.m */; };
		4DAB4641180CAA7000BFB250 /* Main.storyboard in Resources */ = {isa = PBXBuildFile; fileRef = 4DAB463F180CAA7000BFB250 /* Main.storyboard */; };
		4DAB4644180CAA7000BFB250 /* EAMViewController.m in Sources */ = {isa = PBXBuildFile; fileRef = 4DAB4643180CAA7000BFB250 /* EAMViewController.m */; };
		4DAB4646180CAA7000BFB250 /* Images.xcassets in Resources */ = {isa = PBXBuildFile; fileRef = 4DAB4645180CAA7000BFB250 /* Images.xcassets */; };
		4DAB464D180CAA7000BFB250 /* XCTest.framework in Frameworks */ = {isa = PBXBuildFile; fileRef = 4DAB464C180CAA7000BFB250 /* XCTest.framework */; };
		4DAB464E180CAA7000BFB250 /* Foundation.framework in Frameworks */ = {isa = PBXBuildFile; fileRef = 4DAB462D180CAA7000BFB250 /* Foundation.framework */; };
		4DAB464F180CAA7000BFB250 /* UIKit.framework in Frameworks */ = {isa = PBXBuildFile; fileRef = 4DAB4631180CAA7000BFB250 /* UIKit.framework */; };
		4DAB4657180CAA7000BFB250 /* InfoPlist.strings in Resources */ = {isa = PBXBuildFile; fileRef = 4DAB4655180CAA7000BFB250 /* InfoPlist.strings */; };
		4DAB4659180CAA7000BFB250 /* TableBlurTests.m in Sources */ = {isa = PBXBuildFile; fileRef = 4DAB4658180CAA7000BFB250 /* TableBlurTests.m */; };
		4DAB4665180CAB7100BFB250 /* UIImage+REFrostedViewController.m in Sources */ = {isa = PBXBuildFile; fileRef = 4DAB4664180CAB7100BFB250 /* UIImage+REFrostedViewController.m */; };
		4DAB4668180CAB9E00BFB250 /* EAMBlurredCell.m in Sources */ = {isa = PBXBuildFile; fileRef = 4DAB4667180CAB9E00BFB250 /* EAMBlurredCell.m */; };
		4DAB466A180CAD4900BFB250 /* bg.png in Resources */ = {isa = PBXBuildFile; fileRef = 4DAB4669180CAD4900BFB250 /* bg.png */; };
/* End PBXBuildFile section */

/* Begin PBXContainerItemProxy section */
		4DAB4650180CAA7000BFB250 /* PBXContainerItemProxy */ = {
			isa = PBXContainerItemProxy;
			containerPortal = 4DAB4622180CAA7000BFB250 /* Project object */;
			proxyType = 1;
			remoteGlobalIDString = 4DAB4629180CAA7000BFB250;
			remoteInfo = TableBlur;
		};
/* End PBXContainerItemProxy section */

/* Begin PBXFileReference section */
		4DAB462A180CAA7000BFB250 /* TableBlur.app */ = {isa = PBXFileReference; explicitFileType = wrapper.application; includeInIndex = 0; path = TableBlur.app; sourceTree = BUILT_PRODUCTS_DIR; };
		4DAB462D180CAA7000BFB250 /* Foundation.framework */ = {isa = PBXFileReference; lastKnownFileType = wrapper.framework; name = Foundation.framework; path = System/Library/Frameworks/Foundation.framework; sourceTree = SDKROOT; };
		4DAB462F180CAA7000BFB250 /* CoreGraphics.framework */ = {isa = PBXFileReference; lastKnownFileType = wrapper.framework; name = CoreGraphics.framework; path = System/Library/Frameworks/CoreGraphics.framework; sourceTree = SDKROOT; };
		4DAB4631180CAA7000BFB250 /* UIKit.framework */ = {isa = PBXFileReference; lastKnownFileType = wrapper.framework; name = UIKit.framework; path = System/Library/Frameworks/UIKit.framework; sourceTree = SDKROOT; };
		4DAB4635180CAA7000BFB250 /* TableBlur-Info.plist */ = {isa = PBXFileReference; lastKnownFileType = text.plist.xml; path = "TableBlur-Info.plist"; sourceTree = "<group>"; };
		4DAB4637180CAA7000BFB250 /* en */ = {isa = PBXFileReference; lastKnownFileType = text.plist.strings; name = en; path = en.lproj/InfoPlist.strings; sourceTree = "<group>"; };
		4DAB4639180CAA7000BFB250 /* main.m */ = {isa = PBXFileReference; lastKnownFileType = sourcecode.c.objc; path = main.m; sourceTree = "<group>"; };
		4DAB463B180CAA7000BFB250 /* TableBlur-Prefix.pch */ = {isa = PBXFileReference; lastKnownFileType = sourcecode.c.h; path = "TableBlur-Prefix.pch"; sourceTree = "<group>"; };
		4DAB463C180CAA7000BFB250 /* EAMAppDelegate.h */ = {isa = PBXFileReference; lastKnownFileType = sourcecode.c.h; path = EAMAppDelegate.h; sourceTree = "<group>"; };
		4DAB463D180CAA7000BFB250 /* EAMAppDelegate.m */ = {isa = PBXFileReference; lastKnownFileType = sourcecode.c.objc; path = EAMAppDelegate.m; sourceTree = "<group>"; };
		4DAB4640180CAA7000BFB250 /* Base */ = {isa = PBXFileReference; lastKnownFileType = file.storyboard; name = Base; path = Base.lproj/Main.storyboard; sourceTree = "<group>"; };
		4DAB4642180CAA7000BFB250 /* EAMViewController.h */ = {isa = PBXFileReference; lastKnownFileType = sourcecode.c.h; path = EAMViewController.h; sourceTree = "<group>"; };
		4DAB4643180CAA7000BFB250 /* EAMViewController.m */ = {isa = PBXFileReference; lastKnownFileType = sourcecode.c.objc; path = EAMViewController.m; sourceTree = "<group>"; };
		4DAB4645180CAA7000BFB250 /* Images.xcassets */ = {isa = PBXFileReference; lastKnownFileType = folder.assetcatalog; path = Images.xcassets; sourceTree = "<group>"; };
		4DAB464B180CAA7000BFB250 /* TableBlurTests.xctest */ = {isa = PBXFileReference; explicitFileType = wrapper.cfbundle; includeInIndex = 0; path = TableBlurTests.xctest; sourceTree = BUILT_PRODUCTS_DIR; };
		4DAB464C180CAA7000BFB250 /* XCTest.framework */ = {isa = PBXFileReference; lastKnownFileType = wrapper.framework; name = XCTest.framework; path = Library/Frameworks/XCTest.framework; sourceTree = DEVELOPER_DIR; };
		4DAB4654180CAA7000BFB250 /* TableBlurTests-Info.plist */ = {isa = PBXFileReference; lastKnownFileType = text.plist.xml; path = "TableBlurTests-Info.plist"; sourceTree = "<group>"; };
		4DAB4656180CAA7000BFB250 /* en */ = {isa = PBXFileReference; lastKnownFileType = text.plist.strings; name = en; path = en.lproj/InfoPlist.strings; sourceTree = "<group>"; };
		4DAB4658180CAA7000BFB250 /* TableBlurTests.m */ = {isa = PBXFileReference; lastKnownFileType = sourcecode.c.objc; path = TableBlurTests.m; sourceTree = "<group>"; };
		4DAB4663180CAB7100BFB250 /* UIImage+REFrostedViewController.h */ = {isa = PBXFileReference; fileEncoding = 4; lastKnownFileType = sourcecode.c.h; path = "UIImage+REFrostedViewController.h"; sourceTree = "<group>"; };
		4DAB4664180CAB7100BFB250 /* UIImage+REFrostedViewController.m */ = {isa = PBXFileReference; fileEncoding = 4; lastKnownFileType = sourcecode.c.objc; path = "UIImage+REFrostedViewController.m"; sourceTree = "<group>"; };
		4DAB4666180CAB9E00BFB250 /* EAMBlurredCell.h */ = {isa = PBXFileReference; fileEncoding = 4; lastKnownFileType = sourcecode.c.h; path = EAMBlurredCell.h; sourceTree = "<group>"; };
		4DAB4667180CAB9E00BFB250 /* EAMBlurredCell.m */ = {isa = PBXFileReference; fileEncoding = 4; lastKnownFileType = sourcecode.c.objc; path = EAMBlurredCell.m; sourceTree = "<group>"; };
		4DAB4669180CAD4900BFB250 /* bg.png */ = {isa = PBXFileReference; lastKnownFileType = image.png; path = bg.png; sourceTree = "<group>"; };
/* End PBXFileReference section */

/* Begin PBXFrameworksBuildPhase section */
		4DAB4627180CAA7000BFB250 /* Frameworks */ = {
			isa = PBXFrameworksBuildPhase;
			buildActionMask = 2147483647;
			files = (
				4DAB4630180CAA7000BFB250 /* CoreGraphics.framework in Frameworks */,
				4DAB4632180CAA7000BFB250 /* UIKit.framework in Frameworks */,
				4DAB462E180CAA7000BFB250 /* Foundation.framework in Frameworks */,
			);
			runOnlyForDeploymentPostprocessing = 0;
		};
		4DAB4648180CAA7000BFB250 /* Frameworks */ = {
			isa = PBXFrameworksBuildPhase;
			buildActionMask = 2147483647;
			files = (
				4DAB464D180CAA7000BFB250 /* XCTest.framework in Frameworks */,
				4DAB464F180CAA7000BFB250 /* UIKit.framework in Frameworks */,
				4DAB464E180CAA7000BFB250 /* Foundation.framework in Frameworks */,
			);
			runOnlyForDeploymentPostprocessing = 0;
		};
/* End PBXFrameworksBuildPhase section */

/* Begin PBXGroup section */
		4DAB4621180CAA7000BFB250 = {
			isa = PBXGroup;
			children = (
				4DAB4662180CAB5500BFB250 /* REFrostedViewController */,
				4DAB4633180CAA7000BFB250 /* TableBlur */,
				4DAB4652180CAA7000BFB250 /* TableBlurTests */,
				4DAB462C180CAA7000BFB250 /* Frameworks */,
				4DAB462B180CAA7000BFB250 /* Products */,
			);
			sourceTree = "<group>";
		};
		4DAB462B180CAA7000BFB250 /* Products */ = {
			isa = PBXGroup;
			children = (
				4DAB462A180CAA7000BFB250 /* TableBlur.app */,
				4DAB464B180CAA7000BFB250 /* TableBlurTests.xctest */,
			);
			name = Products;
			sourceTree = "<group>";
		};
		4DAB462C180CAA7000BFB250 /* Frameworks */ = {
			isa = PBXGroup;
			children = (
				4DAB462D180CAA7000BFB250 /* Foundation.framework */,
				4DAB462F180CAA7000BFB250 /* CoreGraphics.framework */,
				4DAB4631180CAA7000BFB250 /* UIKit.framework */,
				4DAB464C180CAA7000BFB250 /* XCTest.framework */,
			);
			name = Frameworks;
			sourceTree = "<group>";
		};
		4DAB4633180CAA7000BFB250 /* TableBlur */ = {
			isa = PBXGroup;
			children = (
				4DAB4669180CAD4900BFB250 /* bg.png */,
				4DAB463C180CAA7000BFB250 /* EAMAppDelegate.h */,
				4DAB463D180CAA7000BFB250 /* EAMAppDelegate.m */,
				4DAB463F180CAA7000BFB250 /* Main.storyboard */,
				4DAB4642180CAA7000BFB250 /* EAMViewController.h */,
				4DAB4643180CAA7000BFB250 /* EAMViewController.m */,
				4DAB4666180CAB9E00BFB250 /* EAMBlurredCell.h */,
				4DAB4667180CAB9E00BFB250 /* EAMBlurredCell.m */,
				4DAB4645180CAA7000BFB250 /* Images.xcassets */,
				4DAB4634180CAA7000BFB250 /* Supporting Files */,
			);
			path = TableBlur;
			sourceTree = "<group>";
		};
		4DAB4634180CAA7000BFB250 /* Supporting Files */ = {
			isa = PBXGroup;
			children = (
				4DAB4635180CAA7000BFB250 /* TableBlur-Info.plist */,
				4DAB4636180CAA7000BFB250 /* InfoPlist.strings */,
				4DAB4639180CAA7000BFB250 /* main.m */,
				4DAB463B180CAA7000BFB250 /* TableBlur-Prefix.pch */,
			);
			name = "Supporting Files";
			sourceTree = "<group>";
		};
		4DAB4652180CAA7000BFB250 /* TableBlurTests */ = {
			isa = PBXGroup;
			children = (
				4DAB4658180CAA7000BFB250 /* TableBlurTests.m */,
				4DAB4653180CAA7000BFB250 /* Supporting Files */,
			);
			path = TableBlurTests;
			sourceTree = "<group>";
		};
		4DAB4653180CAA7000BFB250 /* Supporting Files */ = {
			isa = PBXGroup;
			children = (
				4DAB4654180CAA7000BFB250 /* TableBlurTests-Info.plist */,
				4DAB4655180CAA7000BFB250 /* InfoPlist.strings */,
			);
			name = "Supporting Files";
			sourceTree = "<group>";
		};
		4DAB4662180CAB5500BFB250 /* REFrostedViewController */ = {
			isa = PBXGroup;
			children = (
				4DAB4663180CAB7100BFB250 /* UIImage+REFrostedViewController.h */,
				4DAB4664180CAB7100BFB250 /* UIImage+REFrostedViewController.m */,
			);
			name = REFrostedViewController;
			sourceTree = "<group>";
		};
/* End PBXGroup section */

/* Begin PBXNativeTarget section */
		4DAB4629180CAA7000BFB250 /* TableBlur */ = {
			isa = PBXNativeTarget;
			buildConfigurationList = 4DAB465C180CAA7000BFB250 /* Build configuration list for PBXNativeTarget "TableBlur" */;
			buildPhases = (
				4DAB4626180CAA7000BFB250 /* Sources */,
				4DAB4627180CAA7000BFB250 /* Frameworks */,
				4DAB4628180CAA7000BFB250 /* Resources */,
			);
			buildRules = (
			);
			dependencies = (
			);
			name = TableBlur;
			productName = TableBlur;
			productReference = 4DAB462A180CAA7000BFB250 /* TableBlur.app */;
			productType = "com.apple.product-type.application";
		};
		4DAB464A180CAA7000BFB250 /* TableBlurTests */ = {
			isa = PBXNativeTarget;
			buildConfigurationList = 4DAB465F180CAA7000BFB250 /* Build configuration list for PBXNativeTarget "TableBlurTests" */;
			buildPhases = (
				4DAB4647180CAA7000BFB250 /* Sources */,
				4DAB4648180CAA7000BFB250 /* Frameworks */,
				4DAB4649180CAA7000BFB250 /* Resources */,
			);
			buildRules = (
			);
			dependencies = (
				4DAB4651180CAA7000BFB250 /* PBXTargetDependency */,
			);
			name = TableBlurTests;
			productName = TableBlurTests;
			productReference = 4DAB464B180CAA7000BFB250 /* TableBlurTests.xctest */;
			productType = "com.apple.product-type.bundle.unit-test";
		};
/* End PBXNativeTarget section */

/* Begin PBXProject section */
		4DAB4622180CAA7000BFB250 /* Project object */ = {
			isa = PBXProject;
			attributes = {
				CLASSPREFIX = EAM;
				LastUpgradeCheck = 0500;
				ORGANIZATIONNAME = "Mouhcine El Amine";
				TargetAttributes = {
					4DAB464A180CAA7000BFB250 = {
						TestTargetID = 4DAB4629180CAA7000BFB250;
					};
				};
			};
			buildConfigurationList = 4DAB4625180CAA7000BFB250 /* Build configuration list for PBXProject "TableBlur" */;
			compatibilityVersion = "Xcode 3.2";
			developmentRegion = English;
			hasScannedForEncodings = 0;
			knownRegions = (
				en,
				Base,
			);
			mainGroup = 4DAB4621180CAA7000BFB250;
			productRefGroup = 4DAB462B180CAA7000BFB250 /* Products */;
			projectDirPath = "";
			projectRoot = "";
			targets = (
				4DAB4629180CAA7000BFB250 /* TableBlur */,
				4DAB464A180CAA7000BFB250 /* TableBlurTests */,
			);
		};
/* End PBXProject section */

/* Begin PBXResourcesBuildPhase section */
		4DAB4628180CAA7000BFB250 /* Resources */ = {
			isa = PBXResourcesBuildPhase;
			buildActionMask = 2147483647;
			files = (
				4DAB4646180CAA7000BFB250 /* Images.xcassets in Resources */,
				4DAB4638180CAA7000BFB250 /* InfoPlist.strings in Resources */,
				4DAB466A180CAD4900BFB250 /* bg.png in Resources */,
				4DAB4641180CAA7000BFB250 /* Main.storyboard in Resources */,
			);
			runOnlyForDeploymentPostprocessing = 0;
		};
		4DAB4649180CAA7000BFB250 /* Resources */ = {
			isa = PBXResourcesBuildPhase;
			buildActionMask = 2147483647;
			files = (
				4DAB4657180CAA7000BFB250 /* InfoPlist.strings in Resources */,
			);
			runOnlyForDeploymentPostprocessing = 0;
		};
/* End PBXResourcesBuildPhase section */

/* Begin PBXSourcesBuildPhase section */
		4DAB4626180CAA7000BFB250 /* Sources */ = {
			isa = PBXSourcesBuildPhase;
			buildActionMask = 2147483647;
			files = (
				4DAB4644180CAA7000BFB250 /* EAMViewController.m in Sources */,
				4DAB463E180CAA7000BFB250 /* EAMAppDelegate.m in Sources */,
				4DAB4668180CAB9E00BFB250 /* EAMBlurredCell.m in Sources */,
				4DAB463A180CAA7000BFB250 /* main.m in Sources */,
				4DAB4665180CAB7100BFB250 /* UIImage+REFrostedViewController.m in Sources */,
			);
			runOnlyForDeploymentPostprocessing = 0;
		};
		4DAB4647180CAA7000BFB250 /* Sources */ = {
			isa = PBXSourcesBuildPhase;
			buildActionMask = 2147483647;
			files = (
				4DAB4659180CAA7000BFB250 /* TableBlurTests.m in Sources */,
			);
			runOnlyForDeploymentPostprocessing = 0;
		};
/* End PBXSourcesBuildPhase section */

/* Begin PBXTargetDependency section */
		4DAB4651180CAA7000BFB250 /* PBXTargetDependency */ = {
			isa = PBXTargetDependency;
			target = 4DAB4629180CAA7000BFB250 /* TableBlur */;
			targetProxy = 4DAB4650180CAA7000BFB250 /* PBXContainerItemProxy */;
		};
/* End PBXTargetDependency section */

/* Begin PBXVariantGroup section */
		4DAB4636180CAA7000BFB250 /* InfoPlist.strings */ = {
			isa = PBXVariantGroup;
			children = (
				4DAB4637180CAA7000BFB250 /* en */,
			);
			name = InfoPlist.strings;
			sourceTree = "<group>";
		};
		4DAB463F180CAA7000BFB250 /* Main.storyboard */ = {
			isa = PBXVariantGroup;
			children = (
				4DAB4640180CAA7000BFB250 /* Base */,
			);
			name = Main.storyboard;
			sourceTree = "<group>";
		};
		4DAB4655180CAA7000BFB250 /* InfoPlist.strings */ = {
			isa = PBXVariantGroup;
			children = (
				4DAB4656180CAA7000BFB250 /* en */,
			);
			name = InfoPlist.strings;
			sourceTree = "<group>";
		};
/* End PBXVariantGroup section */

/* Begin XCBuildConfiguration section */
		4DAB465A180CAA7000BFB250 /* Debug */ = {
			isa = XCBuildConfiguration;
			buildSettings = {
				ALWAYS_SEARCH_USER_PATHS = NO;
				ARCHS = "$(ARCHS_STANDARD_INCLUDING_64_BIT)";
				CLANG_CXX_LANGUAGE_STANDARD = "gnu++0x";
				CLANG_CXX_LIBRARY = "libc++";
				CLANG_ENABLE_MODULES = YES;
				CLANG_ENABLE_OBJC_ARC = YES;
				CLANG_WARN_BOOL_CONVERSION = YES;
				CLANG_WARN_CONSTANT_CONVERSION = YES;
				CLANG_WARN_DIRECT_OBJC_ISA_USAGE = YES_ERROR;
				CLANG_WARN_EMPTY_BODY = YES;
				CLANG_WARN_ENUM_CONVERSION = YES;
				CLANG_WARN_INT_CONVERSION = YES;
				CLANG_WARN_OBJC_ROOT_CLASS = YES_ERROR;
				CLANG_WARN__DUPLICATE_METHOD_MATCH = YES;
				"CODE_SIGN_IDENTITY[sdk=iphoneos*]" = "iPhone Developer";
				COPY_PHASE_STRIP = NO;
				GCC_C_LANGUAGE_STANDARD = gnu99;
				GCC_DYNAMIC_NO_PIC = NO;
				GCC_OPTIMIZATION_LEVEL = 0;
				GCC_PREPROCESSOR_DEFINITIONS = (
					"DEBUG=1",
					"$(inherited)",
				);
				GCC_SYMBOLS_PRIVATE_EXTERN = NO;
				GCC_WARN_64_TO_32_BIT_CONVERSION = YES;
				GCC_WARN_ABOUT_RETURN_TYPE = YES_ERROR;
				GCC_WARN_UNDECLARED_SELECTOR = YES;
				GCC_WARN_UNINITIALIZED_AUTOS = YES;
				GCC_WARN_UNUSED_FUNCTION = YES;
				GCC_WARN_UNUSED_VARIABLE = YES;
				IPHONEOS_DEPLOYMENT_TARGET = 7.0;
				ONLY_ACTIVE_ARCH = YES;
				SDKROOT = iphoneos;
			};
			name = Debug;
		};
		4DAB465B180CAA7000BFB250 /* Release */ = {
			isa = XCBuildConfiguration;
			buildSettings = {
				ALWAYS_SEARCH_USER_PATHS = NO;
				ARCHS = "$(ARCHS_STANDARD_INCLUDING_64_BIT)";
				CLANG_CXX_LANGUAGE_STANDARD = "gnu++0x";
				CLANG_CXX_LIBRARY = "libc++";
				CLANG_ENABLE_MODULES = YES;
				CLANG_ENABLE_OBJC_ARC = YES;
				CLANG_WARN_BOOL_CONVERSION = YES;
				CLANG_WARN_CONSTANT_CONVERSION = YES;
				CLANG_WARN_DIRECT_OBJC_ISA_USAGE = YES_ERROR;
				CLANG_WARN_EMPTY_BODY = YES;
				CLANG_WARN_ENUM_CONVERSION = YES;
				CLANG_WARN_INT_CONVERSION = YES;
				CLANG_WARN_OBJC_ROOT_CLASS = YES_ERROR;
				CLANG_WARN__DUPLICATE_METHOD_MATCH = YES;
				"CODE_SIGN_IDENTITY[sdk=iphoneos*]" = "iPhone Developer";
				COPY_PHASE_STRIP = YES;
				ENABLE_NS_ASSERTIONS = NO;
				GCC_C_LANGUAGE_STANDARD = gnu99;
				GCC_WARN_64_TO_32_BIT_CONVERSION = YES;
				GCC_WARN_ABOUT_RETURN_TYPE = YES_ERROR;
				GCC_WARN_UNDECLARED_SELECTOR = YES;
				GCC_WARN_UNINITIALIZED_AUTOS = YES;
				GCC_WARN_UNUSED_FUNCTION = YES;
				GCC_WARN_UNUSED_VARIABLE = YES;
				IPHONEOS_DEPLOYMENT_TARGET = 7.0;
				SDKROOT = iphoneos;
				VALIDATE_PRODUCT = YES;
			};
			name = Release;
		};
		4DAB465D180CAA7000BFB250 /* Debug */ = {
			isa = XCBuildConfiguration;
			buildSettings = {
				ASSETCATALOG_COMPILER_APPICON_NAME = AppIcon;
				ASSETCATALOG_COMPILER_LAUNCHIMAGE_NAME = LaunchImage;
				GCC_PRECOMPILE_PREFIX_HEADER = YES;
				GCC_PREFIX_HEADER = "TableBlur/TableBlur-Prefix.pch";
				INFOPLIST_FILE = "TableBlur/TableBlur-Info.plist";
				PRODUCT_NAME = "$(TARGET_NAME)";
				WRAPPER_EXTENSION = app;
			};
			name = Debug;
		};
		4DAB465E180CAA7000BFB250 /* Release */ = {
			isa = XCBuildConfiguration;
			buildSettings = {
				ASSETCATALOG_COMPILER_APPICON_NAME = AppIcon;
				ASSETCATALOG_COMPILER_LAUNCHIMAGE_NAME = LaunchImage;
				GCC_PRECOMPILE_PREFIX_HEADER = YES;
				GCC_PREFIX_HEADER = "TableBlur/TableBlur-Prefix.pch";
				INFOPLIST_FILE = "TableBlur/TableBlur-Info.plist";
				PRODUCT_NAME = "$(TARGET_NAME)";
				WRAPPER_EXTENSION = app;
			};
			name = Release;
		};
		4DAB4660180CAA7000BFB250 /* Debug */ = {
			isa = XCBuildConfiguration;
			buildSettings = {
				ARCHS = "$(ARCHS_STANDARD_INCLUDING_64_BIT)";
				BUNDLE_LOADER = "$(BUILT_PRODUCTS_DIR)/TableBlur.app/TableBlur";
				FRAMEWORK_SEARCH_PATHS = (
					"$(SDKROOT)/Developer/Library/Frameworks",
					"$(inherited)",
					"$(DEVELOPER_FRAMEWORKS_DIR)",
				);
				GCC_PRECOMPILE_PREFIX_HEADER = YES;
				GCC_PREFIX_HEADER = "TableBlur/TableBlur-Prefix.pch";
				GCC_PREPROCESSOR_DEFINITIONS = (
					"DEBUG=1",
					"$(inherited)",
				);
				INFOPLIST_FILE = "TableBlurTests/TableBlurTests-Info.plist";
				PRODUCT_NAME = "$(TARGET_NAME)";
				TEST_HOST = "$(BUNDLE_LOADER)";
				WRAPPER_EXTENSION = xctest;
			};
			name = Debug;
		};
		4DAB4661180CAA7000BFB250 /* Release */ = {
			isa = XCBuildConfiguration;
			buildSettings = {
				ARCHS = "$(ARCHS_STANDARD_INCLUDING_64_BIT)";
				BUNDLE_LOADER = "$(BUILT_PRODUCTS_DIR)/TableBlur.app/TableBlur";
				FRAMEWORK_SEARCH_PATHS = (
					"$(SDKROOT)/Developer/Library/Frameworks",
					"$(inherited)",
					"$(DEVELOPER_FRAMEWORKS_DIR)",
				);
				GCC_PRECOMPILE_PREFIX_HEADER = YES;
				GCC_PREFIX_HEADER = "TableBlur/TableBlur-Prefix.pch";
				INFOPLIST_FILE = "TableBlurTests/TableBlurTests-Info.plist";
				PRODUCT_NAME = "$(TARGET_NAME)";
				TEST_HOST = "$(BUNDLE_LOADER)";
				WRAPPER_EXTENSION = xctest;
			};
			name = Release;
		};
/* End XCBuildConfiguration section */

/* Begin XCConfigurationList section */
		4DAB4625180CAA7000BFB250 /* Build configuration list for PBXProject "TableBlur" */ = {
			isa = XCConfigurationList;
			buildConfigurations = (
				4DAB465A180CAA7000BFB250 /* Debug */,
				4DAB465B180CAA7000BFB250 /* Release */,
			);
			defaultConfigurationIsVisible = 0;
			defaultConfigurationName = Release;
		};
		4DAB465C180CAA7000BFB250 /* Build configuration list for PBXNativeTarget "TableBlur" */ = {
			isa = XCConfigurationList;
			buildConfigurations = (
				4DAB465D180CAA7000BFB250 /* Debug */,
				4DAB465E180CAA7000BFB250 /* Release */,
			);
			defaultConfigurationIsVisible = 0;
		};
		4DAB465F180CAA7000BFB250 /* Build configuration list for PBXNativeTarget "TableBlurTests" */ = {
			isa = XCConfigurationList;
			buildConfigurations = (
				4DAB4660180CAA7000BFB250 /* Debug */,
				4DAB4661180CAA7000BFB250 /* Release */,
			);
			defaultConfigurationIsVisible = 0;
		};
/* End XCConfigurationList section */
	};
	rootObject = 4DAB4622180CAA7000BFB250 /* Project object */;
}
